
Microsoft Visual Studio Solution File, Format Version 12.00
# Visual Studio Version 16
VisualStudioVersion = 16.0.30621.155
MinimumVisualStudioVersion = 10.0.40219.1
Project("{FAE04EC0-301F-11D3-BF4B-00C04F79EFBC}") = "TestiGUI", "TestiGUI.csproj", "{5DDD3B3E-E727-424D-820B-41F248B85A56}"
EndProject
Global
	GlobalSection(SolutionConfigurationPlatforms) = preSolution
		Debug|Any CPU = Debug|Any CPU
		Release|Any CPU = Release|Any CPU
	EndGlobalSection
	GlobalSection(ProjectConfigurationPlatforms) = postSolution
		{5DDD3B3E-E727-424D-820B-41F248B85A56}.Debug|Any CPU.ActiveCfg = Debug|Any CPU
		{5DDD3B3E-E727-424D-820B-41F248B85A56}.Debug|Any CPU.Build.0 = Debug|Any CPU
		{5DDD3B3E-E727-424D-820B-41F248B85A56}.Release|Any CPU.ActiveCfg = Release|Any CPU
		{5DDD3B3E-E727-424D-820B-41F248B85A56}.Release|Any CPU.Build.0 = Release|Any CPU
	EndGlobalSection
	GlobalSection(SolutionProperties) = preSolution
		HideSolutionNode = FALSE
	EndGlobalSection
	GlobalSection(ExtensibilityGlobals) = postSolution
		SolutionGuid = {0B28411B-CCB0-4702-BC5A-30301FE1B0C7}
	EndGlobalSection
EndGlobal
